// !$*UTF8*$!
{
	archiveVersion = 1;
	classes = {
	};
	objectVersion = 56;
	objects = {

/* Begin PBXBuildFile section */
		CE614B6A293B1D2400C4FDC0 /* PokemonsApp.swift in Sources */ = {isa = PBXBuildFile; fileRef = CE614B69293B1D2400C4FDC0 /* PokemonsApp.swift */; };
		CE614B6C293B1D2400C4FDC0 /* HomeView.swift in Sources */ = {isa = PBXBuildFile; fileRef = CE614B6B293B1D2400C4FDC0 /* HomeView.swift */; };
		CE614B6E293B1D2600C4FDC0 /* Assets.xcassets in Resources */ = {isa = PBXBuildFile; fileRef = CE614B6D293B1D2600C4FDC0 /* Assets.xcassets */; };
		CE614B71293B1D2600C4FDC0 /* Preview Assets.xcassets in Resources */ = {isa = PBXBuildFile; fileRef = CE614B70293B1D2600C4FDC0 /* Preview Assets.xcassets */; };
		CE614B7B293B23D800C4FDC0 /* HomeViewModel.swift in Sources */ = {isa = PBXBuildFile; fileRef = CE614B7A293B23D800C4FDC0 /* HomeViewModel.swift */; };
		CE614B7E293B254E00C4FDC0 /* PokemonApiModel.swift in Sources */ = {isa = PBXBuildFile; fileRef = CE614B7D293B254E00C4FDC0 /* PokemonApiModel.swift */; };
		CE614B80293B266500C4FDC0 /* NetworkProtocol.swift in Sources */ = {isa = PBXBuildFile; fileRef = CE614B7F293B266500C4FDC0 /* NetworkProtocol.swift */; };
		CE614B82293B272800C4FDC0 /* PokemonNetwork.swift in Sources */ = {isa = PBXBuildFile; fileRef = CE614B81293B272800C4FDC0 /* PokemonNetwork.swift */; };
		CE614B85293B34CC00C4FDC0 /* Extension + Image.swift in Sources */ = {isa = PBXBuildFile; fileRef = CE614B84293B34CC00C4FDC0 /* Extension + Image.swift */; };
		CE614B88293B37DD00C4FDC0 /* BgColorUtils.swift in Sources */ = {isa = PBXBuildFile; fileRef = CE614B87293B37DD00C4FDC0 /* BgColorUtils.swift */; };
		CE614B8C293B3B1F00C4FDC0 /* Extension + Text.swift in Sources */ = {isa = PBXBuildFile; fileRef = CE614B8B293B3B1F00C4FDC0 /* Extension + Text.swift */; };
		CE614B8E293B3B5400C4FDC0 /* Extension + View.swift in Sources */ = {isa = PBXBuildFile; fileRef = CE614B8D293B3B5400C4FDC0 /* Extension + View.swift */; };
		CE614B91293B3C1100C4FDC0 /* DetailView.swift in Sources */ = {isa = PBXBuildFile; fileRef = CE614B90293B3C1100C4FDC0 /* DetailView.swift */; };
		CE614B93293B3C2600C4FDC0 /* DetailviewModel.swift in Sources */ = {isa = PBXBuildFile; fileRef = CE614B92293B3C2600C4FDC0 /* DetailviewModel.swift */; };
		CE614B95293B3C6D00C4FDC0 /* MoveModel.swift in Sources */ = {isa = PBXBuildFile; fileRef = CE614B94293B3C6D00C4FDC0 /* MoveModel.swift */; };
		CE614B97293B3D0D00C4FDC0 /* TextUtils.swift in Sources */ = {isa = PBXBuildFile; fileRef = CE614B96293B3D0D00C4FDC0 /* TextUtils.swift */; };
		CE614B9A293B6E3100C4FDC0 /* GIFView.swift in Sources */ = {isa = PBXBuildFile; fileRef = CE614B99293B6E3100C4FDC0 /* GIFView.swift */; };
		CE614B9C293B764400C4FDC0 /* Pokemon-Font.ttf in Resources */ = {isa = PBXBuildFile; fileRef = CE614B9B293B764400C4FDC0 /* Pokemon-Font.ttf */; };
		CE614BA0293C84D100C4FDC0 /* SearchbarView.swift in Sources */ = {isa = PBXBuildFile; fileRef = CE614B9F293C84D100C4FDC0 /* SearchbarView.swift */; };
		E93C3720212877D427D98FF9 /* Pods_Pokemons.framework in Frameworks */ = {isa = PBXBuildFile; fileRef = D1CE493272A6876319343D20 /* Pods_Pokemons.framework */; };
/* End PBXBuildFile section */

/* Begin PBXFileReference section */
		82BC4B4DBFAA1D8F52B708C5 /* Pods-Pokemons.debug.xcconfig */ = {isa = PBXFileReference; includeInIndex = 1; lastKnownFileType = text.xcconfig; name = "Pods-Pokemons.debug.xcconfig"; path = "Target Support Files/Pods-Pokemons/Pods-Pokemons.debug.xcconfig"; sourceTree = "<group>"; };
		BEE5ECA801ADFBD4C80B68C0 /* Pods-Pokemons.release.xcconfig */ = {isa = PBXFileReference; includeInIndex = 1; lastKnownFileType = text.xcconfig; name = "Pods-Pokemons.release.xcconfig"; path = "Target Support Files/Pods-Pokemons/Pods-Pokemons.release.xcconfig"; sourceTree = "<group>"; };
		CE614B66293B1D2400C4FDC0 /* Pokemons.app */ = {isa = PBXFileReference; explicitFileType = wrapper.application; includeInIndex = 0; path = Pokemons.app; sourceTree = BUILT_PRODUCTS_DIR; };
		CE614B69293B1D2400C4FDC0 /* PokemonsApp.swift */ = {isa = PBXFileReference; lastKnownFileType = sourcecode.swift; path = PokemonsApp.swift; sourceTree = "<group>"; };
		CE614B6B293B1D2400C4FDC0 /* HomeView.swift */ = {isa = PBXFileReference; lastKnownFileType = sourcecode.swift; path = HomeView.swift; sourceTree = "<group>"; };
		CE614B6D293B1D2600C4FDC0 /* Assets.xcassets */ = {isa = PBXFileReference; lastKnownFileType = folder.assetcatalog; path = Assets.xcassets; sourceTree = "<group>"; };
		CE614B70293B1D2600C4FDC0 /* Preview Assets.xcassets */ = {isa = PBXFileReference; lastKnownFileType = folder.assetcatalog; path = "Preview Assets.xcassets"; sourceTree = "<group>"; };
		CE614B7A293B23D800C4FDC0 /* HomeViewModel.swift */ = {isa = PBXFileReference; lastKnownFileType = sourcecode.swift; path = HomeViewModel.swift; sourceTree = "<group>"; };
		CE614B7D293B254E00C4FDC0 /* PokemonApiModel.swift */ = {isa = PBXFileReference; lastKnownFileType = sourcecode.swift; path = PokemonApiModel.swift; sourceTree = "<group>"; };
		CE614B7F293B266500C4FDC0 /* NetworkProtocol.swift */ = {isa = PBXFileReference; lastKnownFileType = sourcecode.swift; path = NetworkProtocol.swift; sourceTree = "<group>"; };
		CE614B81293B272800C4FDC0 /* PokemonNetwork.swift */ = {isa = PBXFileReference; lastKnownFileType = sourcecode.swift; path = PokemonNetwork.swift; sourceTree = "<group>"; };
		CE614B84293B34CC00C4FDC0 /* Extension + Image.swift */ = {isa = PBXFileReference; lastKnownFileType = sourcecode.swift; path = "Extension + Image.swift"; sourceTree = "<group>"; };
		CE614B87293B37DD00C4FDC0 /* BgColorUtils.swift */ = {isa = PBXFileReference; lastKnownFileType = sourcecode.swift; path = BgColorUtils.swift; sourceTree = "<group>"; };
		CE614B8B293B3B1F00C4FDC0 /* Extension + Text.swift */ = {isa = PBXFileReference; lastKnownFileType = sourcecode.swift; path = "Extension + Text.swift"; sourceTree = "<group>"; };
		CE614B8D293B3B5400C4FDC0 /* Extension + View.swift */ = {isa = PBXFileReference; lastKnownFileType = sourcecode.swift; path = "Extension + View.swift"; sourceTree = "<group>"; };
		CE614B90293B3C1100C4FDC0 /* DetailView.swift */ = {isa = PBXFileReference; lastKnownFileType = sourcecode.swift; path = DetailView.swift; sourceTree = "<group>"; };
		CE614B92293B3C2600C4FDC0 /* DetailviewModel.swift */ = {isa = PBXFileReference; lastKnownFileType = sourcecode.swift; path = DetailviewModel.swift; sourceTree = "<group>"; };
		CE614B94293B3C6D00C4FDC0 /* MoveModel.swift */ = {isa = PBXFileReference; lastKnownFileType = sourcecode.swift; path = MoveModel.swift; sourceTree = "<group>"; };
		CE614B96293B3D0D00C4FDC0 /* TextUtils.swift */ = {isa = PBXFileReference; lastKnownFileType = sourcecode.swift; path = TextUtils.swift; sourceTree = "<group>"; };
		CE614B99293B6E3100C4FDC0 /* GIFView.swift */ = {isa = PBXFileReference; lastKnownFileType = sourcecode.swift; path = GIFView.swift; sourceTree = "<group>"; };
		CE614B9B293B764400C4FDC0 /* Pokemon-Font.ttf */ = {isa = PBXFileReference; lastKnownFileType = file; path = "Pokemon-Font.ttf"; sourceTree = "<group>"; };
		CE614B9D293B769900C4FDC0 /* Info.plist */ = {isa = PBXFileReference; lastKnownFileType = text.plist; path = Info.plist; sourceTree = "<group>"; };
		CE614B9F293C84D100C4FDC0 /* SearchbarView.swift */ = {isa = PBXFileReference; lastKnownFileType = sourcecode.swift; path = SearchbarView.swift; sourceTree = "<group>"; };
		D1CE493272A6876319343D20 /* Pods_Pokemons.framework */ = {isa = PBXFileReference; explicitFileType = wrapper.framework; includeInIndex = 0; path = Pods_Pokemons.framework; sourceTree = BUILT_PRODUCTS_DIR; };
/* End PBXFileReference section */

/* Begin PBXFrameworksBuildPhase section */
		CE614B63293B1D2400C4FDC0 /* Frameworks */ = {
			isa = PBXFrameworksBuildPhase;
			buildActionMask = 2147483647;
			files = (
				E93C3720212877D427D98FF9 /* Pods_Pokemons.framework in Frameworks */,
			);
			runOnlyForDeploymentPostprocessing = 0;
		};
/* End PBXFrameworksBuildPhase section */

/* Begin PBXGroup section */
		1068260EF36A0B20D29CBBC1 /* Frameworks */ = {
			isa = PBXGroup;
			children = (
				D1CE493272A6876319343D20 /* Pods_Pokemons.framework */,
			);
			name = Frameworks;
			sourceTree = "<group>";
		};
		A295905A35182DF2DFA15491 /* Pods */ = {
			isa = PBXGroup;
			children = (
				82BC4B4DBFAA1D8F52B708C5 /* Pods-Pokemons.debug.xcconfig */,
				BEE5ECA801ADFBD4C80B68C0 /* Pods-Pokemons.release.xcconfig */,
			);
			path = Pods;
			sourceTree = "<group>";
		};
		CE614B5D293B1D2400C4FDC0 = {
			isa = PBXGroup;
			children = (
				CE614B68293B1D2400C4FDC0 /* Pokemons */,
				CE614B67293B1D2400C4FDC0 /* Products */,
				A295905A35182DF2DFA15491 /* Pods */,
				1068260EF36A0B20D29CBBC1 /* Frameworks */,
			);
			sourceTree = "<group>";
		};
		CE614B67293B1D2400C4FDC0 /* Products */ = {
			isa = PBXGroup;
			children = (
				CE614B66293B1D2400C4FDC0 /* Pokemons.app */,
			);
			name = Products;
			sourceTree = "<group>";
		};
		CE614B68293B1D2400C4FDC0 /* Pokemons */ = {
			isa = PBXGroup;
			children = (
				CE614B9D293B769900C4FDC0 /* Info.plist */,
				CE614B98293B4A3900C4FDC0 /* Helper */,
				CE614B89293B3A8800C4FDC0 /* Assets */,
				CE614B7C293B24C900C4FDC0 /* NetworkManager */,
				CE614B79293B225C00C4FDC0 /* Views */,
				CE614B78293B225400C4FDC0 /* Models */,
				CE614B77293B224000C4FDC0 /* ViewModels */,
				CE614B69293B1D2400C4FDC0 /* PokemonsApp.swift */,
				CE614B6F293B1D2600C4FDC0 /* Preview Content */,
			);
			path = Pokemons;
			sourceTree = "<group>";
		};
		CE614B6F293B1D2600C4FDC0 /* Preview Content */ = {
			isa = PBXGroup;
			children = (
				CE614B70293B1D2600C4FDC0 /* Preview Assets.xcassets */,
			);
			path = "Preview Content";
			sourceTree = "<group>";
		};
		CE614B77293B224000C4FDC0 /* ViewModels */ = {
			isa = PBXGroup;
			children = (
				CE614B7A293B23D800C4FDC0 /* HomeViewModel.swift */,
				CE614B92293B3C2600C4FDC0 /* DetailviewModel.swift */,
			);
			path = ViewModels;
			sourceTree = "<group>";
		};
		CE614B78293B225400C4FDC0 /* Models */ = {
			isa = PBXGroup;
			children = (
				CE614B7D293B254E00C4FDC0 /* PokemonApiModel.swift */,
				CE614B94293B3C6D00C4FDC0 /* MoveModel.swift */,
			);
			path = Models;
			sourceTree = "<group>";
		};
		CE614B79293B225C00C4FDC0 /* Views */ = {
			isa = PBXGroup;
			children = (
				CE614B9E293C84AF00C4FDC0 /* Fragments */,
				CE614B6B293B1D2400C4FDC0 /* HomeView.swift */,
				CE614B90293B3C1100C4FDC0 /* DetailView.swift */,
			);
			path = Views;
			sourceTree = "<group>";
		};
		CE614B7C293B24C900C4FDC0 /* NetworkManager */ = {
			isa = PBXGroup;
			children = (
				CE614B7F293B266500C4FDC0 /* NetworkProtocol.swift */,
				CE614B81293B272800C4FDC0 /* PokemonNetwork.swift */,
			);
			path = NetworkManager;
			sourceTree = "<group>";
		};
		CE614B83293B348F00C4FDC0 /* Extensions */ = {
			isa = PBXGroup;
			children = (
				CE614B84293B34CC00C4FDC0 /* Extension + Image.swift */,
				CE614B8B293B3B1F00C4FDC0 /* Extension + Text.swift */,
				CE614B8D293B3B5400C4FDC0 /* Extension + View.swift */,
			);
			path = Extensions;
			sourceTree = "<group>";
		};
		CE614B86293B37AE00C4FDC0 /* Utils */ = {
			isa = PBXGroup;
			children = (
				CE614B87293B37DD00C4FDC0 /* BgColorUtils.swift */,
				CE614B96293B3D0D00C4FDC0 /* TextUtils.swift */,
				CE614B99293B6E3100C4FDC0 /* GIFView.swift */,
			);
			path = Utils;
			sourceTree = "<group>";
		};
		CE614B89293B3A8800C4FDC0 /* Assets */ = {
			isa = PBXGroup;
			children = (
				CE614B6D293B1D2600C4FDC0 /* Assets.xcassets */,
				CE614B9B293B764400C4FDC0 /* Pokemon-Font.ttf */,
			);
			path = Assets;
			sourceTree = "<group>";
		};
		CE614B98293B4A3900C4FDC0 /* Helper */ = {
			isa = PBXGroup;
			children = (
				CE614B83293B348F00C4FDC0 /* Extensions */,
				CE614B86293B37AE00C4FDC0 /* Utils */,
			);
			path = Helper;
			sourceTree = "<group>";
		};
		CE614B9E293C84AF00C4FDC0 /* Fragments */ = {
			isa = PBXGroup;
			children = (
				CE614B9F293C84D100C4FDC0 /* SearchbarView.swift */,
			);
			path = Fragments;
			sourceTree = "<group>";
		};
/* End PBXGroup section */

/* Begin PBXNativeTarget section */
		CE614B65293B1D2400C4FDC0 /* Pokemons */ = {
			isa = PBXNativeTarget;
			buildConfigurationList = CE614B74293B1D2600C4FDC0 /* Build configuration list for PBXNativeTarget "Pokemons" */;
			buildPhases = (
				8580AAF4A90A458E07C84C9D /* [CP] Check Pods Manifest.lock */,
				CE614B62293B1D2400C4FDC0 /* Sources */,
				CE614B63293B1D2400C4FDC0 /* Frameworks */,
				CE614B64293B1D2400C4FDC0 /* Resources */,
				02207A51092D1F649A281C2E /* [CP] Embed Pods Frameworks */,
			);
			buildRules = (
			);
			dependencies = (
			);
			name = Pokemons;
			productName = Pokemons;
			productReference = CE614B66293B1D2400C4FDC0 /* Pokemons.app */;
			productType = "com.apple.product-type.application";
		};
/* End PBXNativeTarget section */

/* Begin PBXProject section */
		CE614B5E293B1D2400C4FDC0 /* Project object */ = {
			isa = PBXProject;
			attributes = {
				BuildIndependentTargetsInParallel = 1;
				LastSwiftUpdateCheck = 1410;
				LastUpgradeCheck = 1410;
				TargetAttributes = {
					CE614B65293B1D2400C4FDC0 = {
						CreatedOnToolsVersion = 14.1;
					};
				};
			};
			buildConfigurationList = CE614B61293B1D2400C4FDC0 /* Build configuration list for PBXProject "Pokemons" */;
			compatibilityVersion = "Xcode 14.0";
			developmentRegion = en;
			hasScannedForEncodings = 0;
			knownRegions = (
				en,
				Base,
			);
			mainGroup = CE614B5D293B1D2400C4FDC0;
			productRefGroup = CE614B67293B1D2400C4FDC0 /* Products */;
			projectDirPath = "";
			projectRoot = "";
			targets = (
				CE614B65293B1D2400C4FDC0 /* Pokemons */,
			);
		};
/* End PBXProject section */

/* Begin PBXResourcesBuildPhase section */
		CE614B64293B1D2400C4FDC0 /* Resources */ = {
			isa = PBXResourcesBuildPhase;
			buildActionMask = 2147483647;
			files = (
				CE614B71293B1D2600C4FDC0 /* Preview Assets.xcassets in Resources */,
				CE614B9C293B764400C4FDC0 /* Pokemon-Font.ttf in Resources */,
				CE614B6E293B1D2600C4FDC0 /* Assets.xcassets in Resources */,
			);
			runOnlyForDeploymentPostprocessing = 0;
		};
/* End PBXResourcesBuildPhase section */

/* Begin PBXShellScriptBuildPhase section */
		02207A51092D1F649A281C2E /* [CP] Embed Pods Frameworks */ = {
			isa = PBXShellScriptBuildPhase;
			buildActionMask = 2147483647;
			files = (
			);
			inputFileListPaths = (
				"${PODS_ROOT}/Target Support Files/Pods-Pokemons/Pods-Pokemons-frameworks-${CONFIGURATION}-input-files.xcfilelist",
			);
			name = "[CP] Embed Pods Frameworks";
			outputFileListPaths = (
				"${PODS_ROOT}/Target Support Files/Pods-Pokemons/Pods-Pokemons-frameworks-${CONFIGURATION}-output-files.xcfilelist",
			);
			runOnlyForDeploymentPostprocessing = 0;
			shellPath = /bin/sh;
			shellScript = "\"${PODS_ROOT}/Target Support Files/Pods-Pokemons/Pods-Pokemons-frameworks.sh\"\n";
			showEnvVarsInLog = 0;
		};
		8580AAF4A90A458E07C84C9D /* [CP] Check Pods Manifest.lock */ = {
			isa = PBXShellScriptBuildPhase;
			buildActionMask = 2147483647;
			files = (
			);
			inputFileListPaths = (
			);
			inputPaths = (
				"${PODS_PODFILE_DIR_PATH}/Podfile.lock",
				"${PODS_ROOT}/Manifest.lock",
			);
			name = "[CP] Check Pods Manifest.lock";
			outputFileListPaths = (
			);
			outputPaths = (
				"$(DERIVED_FILE_DIR)/Pods-Pokemons-checkManifestLockResult.txt",
			);
			runOnlyForDeploymentPostprocessing = 0;
			shellPath = /bin/sh;
			shellScript = "diff \"${PODS_PODFILE_DIR_PATH}/Podfile.lock\" \"${PODS_ROOT}/Manifest.lock\" > /dev/null\nif [ $? != 0 ] ; then\n    # print error to STDERR\n    echo \"error: The sandbox is not in sync with the Podfile.lock. Run 'pod install' or update your CocoaPods installation.\" >&2\n    exit 1\nfi\n# This output is used by Xcode 'outputs' to avoid re-running this script phase.\necho \"SUCCESS\" > \"${SCRIPT_OUTPUT_FILE_0}\"\n";
			showEnvVarsInLog = 0;
		};
/* End PBXShellScriptBuildPhase section */

/* Begin PBXSourcesBuildPhase section */
		CE614B62293B1D2400C4FDC0 /* Sources */ = {
			isa = PBXSourcesBuildPhase;
			buildActionMask = 2147483647;
			files = (
				CE614B8C293B3B1F00C4FDC0 /* Extension + Text.swift in Sources */,
				CE614B9A293B6E3100C4FDC0 /* GIFView.swift in Sources */,
				CE614B7E293B254E00C4FDC0 /* PokemonApiModel.swift in Sources */,
				CE614B6C293B1D2400C4FDC0 /* HomeView.swift in Sources */,
				CE614BA0293C84D100C4FDC0 /* SearchbarView.swift in Sources */,
				CE614B80293B266500C4FDC0 /* NetworkProtocol.swift in Sources */,
				CE614B8E293B3B5400C4FDC0 /* Extension + View.swift in Sources */,
				CE614B91293B3C1100C4FDC0 /* DetailView.swift in Sources */,
				CE614B97293B3D0D00C4FDC0 /* TextUtils.swift in Sources */,
				CE614B95293B3C6D00C4FDC0 /* MoveModel.swift in Sources */,
				CE614B7B293B23D800C4FDC0 /* HomeViewModel.swift in Sources */,
				CE614B93293B3C2600C4FDC0 /* DetailviewModel.swift in Sources */,
				CE614B82293B272800C4FDC0 /* PokemonNetwork.swift in Sources */,
				CE614B6A293B1D2400C4FDC0 /* PokemonsApp.swift in Sources */,
				CE614B88293B37DD00C4FDC0 /* BgColorUtils.swift in Sources */,
				CE614B85293B34CC00C4FDC0 /* Extension + Image.swift in Sources */,
			);
			runOnlyForDeploymentPostprocessing = 0;
		};
/* End PBXSourcesBuildPhase section */

/* Begin XCBuildConfiguration section */
		CE614B72293B1D2600C4FDC0 /* Debug */ = {
			isa = XCBuildConfiguration;
			buildSettings = {
				ALWAYS_SEARCH_USER_PATHS = NO;
				CLANG_ANALYZER_NONNULL = YES;
				CLANG_ANALYZER_NUMBER_OBJECT_CONVERSION = YES_AGGRESSIVE;
				CLANG_CXX_LANGUAGE_STANDARD = "gnu++20";
				CLANG_ENABLE_MODULES = YES;
				CLANG_ENABLE_OBJC_ARC = YES;
				CLANG_ENABLE_OBJC_WEAK = YES;
				CLANG_WARN_BLOCK_CAPTURE_AUTORELEASING = YES;
				CLANG_WARN_BOOL_CONVERSION = YES;
				CLANG_WARN_COMMA = YES;
				CLANG_WARN_CONSTANT_CONVERSION = YES;
				CLANG_WARN_DEPRECATED_OBJC_IMPLEMENTATIONS = YES;
				CLANG_WARN_DIRECT_OBJC_ISA_USAGE = YES_ERROR;
				CLANG_WARN_DOCUMENTATION_COMMENTS = YES;
				CLANG_WARN_EMPTY_BODY = YES;
				CLANG_WARN_ENUM_CONVERSION = YES;
				CLANG_WARN_INFINITE_RECURSION = YES;
				CLANG_WARN_INT_CONVERSION = YES;
				CLANG_WARN_NON_LITERAL_NULL_CONVERSION = YES;
				CLANG_WARN_OBJC_IMPLICIT_RETAIN_SELF = YES;
				CLANG_WARN_OBJC_LITERAL_CONVERSION = YES;
				CLANG_WARN_OBJC_ROOT_CLASS = YES_ERROR;
				CLANG_WARN_QUOTED_INCLUDE_IN_FRAMEWORK_HEADER = YES;
				CLANG_WARN_RANGE_LOOP_ANALYSIS = YES;
				CLANG_WARN_STRICT_PROTOTYPES = YES;
				CLANG_WARN_SUSPICIOUS_MOVE = YES;
				CLANG_WARN_UNGUARDED_AVAILABILITY = YES_AGGRESSIVE;
				CLANG_WARN_UNREACHABLE_CODE = YES;
				CLANG_WARN__DUPLICATE_METHOD_MATCH = YES;
				COPY_PHASE_STRIP = NO;
				DEBUG_INFORMATION_FORMAT = dwarf;
				ENABLE_STRICT_OBJC_MSGSEND = YES;
				ENABLE_TESTABILITY = YES;
				GCC_C_LANGUAGE_STANDARD = gnu11;
				GCC_DYNAMIC_NO_PIC = NO;
				GCC_NO_COMMON_BLOCKS = YES;
				GCC_OPTIMIZATION_LEVEL = 0;
				GCC_PREPROCESSOR_DEFINITIONS = (
					"DEBUG=1",
					"$(inherited)",
				);
				GCC_WARN_64_TO_32_BIT_CONVERSION = YES;
				GCC_WARN_ABOUT_RETURN_TYPE = YES_ERROR;
				GCC_WARN_UNDECLARED_SELECTOR = YES;
				GCC_WARN_UNINITIALIZED_AUTOS = YES_AGGRESSIVE;
				GCC_WARN_UNUSED_FUNCTION = YES;
				GCC_WARN_UNUSED_VARIABLE = YES;
				IPHONEOS_DEPLOYMENT_TARGET = 16.1;
				MTL_ENABLE_DEBUG_INFO = INCLUDE_SOURCE;
				MTL_FAST_MATH = YES;
				ONLY_ACTIVE_ARCH = YES;
				SDKROOT = iphoneos;
				SWIFT_ACTIVE_COMPILATION_CONDITIONS = DEBUG;
				SWIFT_OPTIMIZATION_LEVEL = "-Onone";
			};
			name = Debug;
		};
		CE614B73293B1D2600C4FDC0 /* Release */ = {
			isa = XCBuildConfiguration;
			buildSettings = {
				ALWAYS_SEARCH_USER_PATHS = NO;
				CLANG_ANALYZER_NONNULL = YES;
				CLANG_ANALYZER_NUMBER_OBJECT_CONVERSION = YES_AGGRESSIVE;
				CLANG_CXX_LANGUAGE_STANDARD = "gnu++20";
				CLANG_ENABLE_MODULES = YES;
				CLANG_ENABLE_OBJC_ARC = YES;
				CLANG_ENABLE_OBJC_WEAK = YES;
				CLANG_WARN_BLOCK_CAPTURE_AUTORELEASING = YES;
				CLANG_WARN_BOOL_CONVERSION = YES;
				CLANG_WARN_COMMA = YES;
				CLANG_WARN_CONSTANT_CONVERSION = YES;
				CLANG_WARN_DEPRECATED_OBJC_IMPLEMENTATIONS = YES;
				CLANG_WARN_DIRECT_OBJC_ISA_USAGE = YES_ERROR;
				CLANG_WARN_DOCUMENTATION_COMMENTS = YES;
				CLANG_WARN_EMPTY_BODY = YES;
				CLANG_WARN_ENUM_CONVERSION = YES;
				CLANG_WARN_INFINITE_RECURSION = YES;
				CLANG_WARN_INT_CONVERSION = YES;
				CLANG_WARN_NON_LITERAL_NULL_CONVERSION = YES;
				CLANG_WARN_OBJC_IMPLICIT_RETAIN_SELF = YES;
				CLANG_WARN_OBJC_LITERAL_CONVERSION = YES;
				CLANG_WARN_OBJC_ROOT_CLASS = YES_ERROR;
				CLANG_WARN_QUOTED_INCLUDE_IN_FRAMEWORK_HEADER = YES;
				CLANG_WARN_RANGE_LOOP_ANALYSIS = YES;
				CLANG_WARN_STRICT_PROTOTYPES = YES;
				CLANG_WARN_SUSPICIOUS_MOVE = YES;
				CLANG_WARN_UNGUARDED_AVAILABILITY = YES_AGGRESSIVE;
				CLANG_WARN_UNREACHABLE_CODE = YES;
				CLANG_WARN__DUPLICATE_METHOD_MATCH = YES;
				COPY_PHASE_STRIP = NO;
				DEBUG_INFORMATION_FORMAT = "dwarf-with-dsym";
				ENABLE_NS_ASSERTIONS = NO;
				ENABLE_STRICT_OBJC_MSGSEND = YES;
				GCC_C_LANGUAGE_STANDARD = gnu11;
				GCC_NO_COMMON_BLOCKS = YES;
				GCC_WARN_64_TO_32_BIT_CONVERSION = YES;
				GCC_WARN_ABOUT_RETURN_TYPE = YES_ERROR;
				GCC_WARN_UNDECLARED_SELECTOR = YES;
				GCC_WARN_UNINITIALIZED_AUTOS = YES_AGGRESSIVE;
				GCC_WARN_UNUSED_FUNCTION = YES;
				GCC_WARN_UNUSED_VARIABLE = YES;
				IPHONEOS_DEPLOYMENT_TARGET = 16.1;
				MTL_ENABLE_DEBUG_INFO = NO;
				MTL_FAST_MATH = YES;
				SDKROOT = iphoneos;
				SWIFT_COMPILATION_MODE = wholemodule;
				SWIFT_OPTIMIZATION_LEVEL = "-O";
				VALIDATE_PRODUCT = YES;
			};
			name = Release;
		};
		CE614B75293B1D2600C4FDC0 /* Debug */ = {
			isa = XCBuildConfiguration;
			baseConfigurationReference = 82BC4B4DBFAA1D8F52B708C5 /* Pods-Pokemons.debug.xcconfig */;
			buildSettings = {
				ASSETCATALOG_COMPILER_APPICON_NAME = AppIcon;
				ASSETCATALOG_COMPILER_GLOBAL_ACCENT_COLOR_NAME = AccentColor;
				CODE_SIGN_STYLE = Automatic;
				CURRENT_PROJECT_VERSION = 1;
				DEVELOPMENT_ASSET_PATHS = "\"Pokemons/Preview Content\"";
				DEVELOPMENT_TEAM = 7PAYMRGF6V;
				ENABLE_PREVIEWS = YES;
				GENERATE_INFOPLIST_FILE = YES;
				INFOPLIST_FILE = Pokemons/Info.plist;
				INFOPLIST_KEY_UIApplicationSceneManifest_Generation = YES;
				INFOPLIST_KEY_UIApplicationSupportsIndirectInputEvents = YES;
				INFOPLIST_KEY_UILaunchScreen_Generation = YES;
				INFOPLIST_KEY_UISupportedInterfaceOrientations_iPad = "UIInterfaceOrientationPortrait UIInterfaceOrientationPortraitUpsideDown UIInterfaceOrientationLandscapeLeft UIInterfaceOrientationLandscapeRight";
				INFOPLIST_KEY_UISupportedInterfaceOrientations_iPhone = "UIInterfaceOrientationPortrait UIInterfaceOrientationLandscapeLeft UIInterfaceOrientationLandscapeRight";
				LD_RUNPATH_SEARCH_PATHS = (
					"$(inherited)",
					"@executable_path/Frameworks",
				);
				MARKETING_VERSION = 1.0;
				PRODUCT_BUNDLE_IDENTIFIER = SPA.Pokemons;
				PRODUCT_NAME = "$(TARGET_NAME)";
				SWIFT_EMIT_LOC_STRINGS = YES;
				SWIFT_VERSION = 5.0;
				TARGETED_DEVICE_FAMILY = "1,2";
			};
			name = Debug;
		};
		CE614B76293B1D2600C4FDC0 /* Release */ = {
			isa = XCBuildConfiguration;
			baseConfigurationReference = BEE5ECA801ADFBD4C80B68C0 /* Pods-Pokemons.release.xcconfig */;
			buildSettings = {
				ASSETCATALOG_COMPILER_APPICON_NAME = AppIcon;
				ASSETCATALOG_COMPILER_GLOBAL_ACCENT_COLOR_NAME = AccentColor;
				CODE_SIGN_STYLE = Automatic;
				CURRENT_PROJECT_VERSION = 1;
				DEVELOPMENT_ASSET_PATHS = "\"Pokemons/Preview Content\"";
				DEVELOPMENT_TEAM = 7PAYMRGF6V;
				ENABLE_PREVIEWS = YES;
				GENERATE_INFOPLIST_FILE = YES;
				INFOPLIST_FILE = Pokemons/Info.plist;
				INFOPLIST_KEY_UIApplicationSceneManifest_Generation = YES;
				INFOPLIST_KEY_UIApplicationSupportsIndirectInputEvents = YES;
				INFOPLIST_KEY_UILaunchScreen_Generation = YES;
				INFOPLIST_KEY_UISupportedInterfaceOrientations_iPad = "UIInterfaceOrientationPortrait UIInterfaceOrientationPortraitUpsideDown UIInterfaceOrientationLandscapeLeft UIInterfaceOrientationLandscapeRight";
				INFOPLIST_KEY_UISupportedInterfaceOrientations_iPhone = "UIInterfaceOrientationPortrait UIInterfaceOrientationLandscapeLeft UIInterfaceOrientationLandscapeRight";
				LD_RUNPATH_SEARCH_PATHS = (
					"$(inherited)",
					"@executable_path/Frameworks",
				);
				MARKETING_VERSION = 1.0;
				PRODUCT_BUNDLE_IDENTIFIER = SPA.Pokemons;
				PRODUCT_NAME = "$(TARGET_NAME)";
				SWIFT_EMIT_LOC_STRINGS = YES;
				SWIFT_VERSION = 5.0;
				TARGETED_DEVICE_FAMILY = "1,2";
			};
			name = Release;
		};
/* End XCBuildConfiguration section */

/* Begin XCConfigurationList section */
		CE614B61293B1D2400C4FDC0 /* Build configuration list for PBXProject "Pokemons" */ = {
			isa = XCConfigurationList;
			buildConfigurations = (
				CE614B72293B1D2600C4FDC0 /* Debug */,
				CE614B73293B1D2600C4FDC0 /* Release */,
			);
			defaultConfigurationIsVisible = 0;
			defaultConfigurationName = Release;
		};
		CE614B74293B1D2600C4FDC0 /* Build configuration list for PBXNativeTarget "Pokemons" */ = {
			isa = XCConfigurationList;
			buildConfigurations = (
				CE614B75293B1D2600C4FDC0 /* Debug */,
				CE614B76293B1D2600C4FDC0 /* Release */,
			);
			defaultConfigurationIsVisible = 0;
			defaultConfigurationName = Release;
		};
/* End XCConfigurationList section */
	};
	rootObject = CE614B5E293B1D2400C4FDC0 /* Project object */;
}
